{
  "name": "ecommerce-demo-app",
  "lockfileVersion": 3,
  "requires": true,
  "packages": {
    "": {
      "devDependencies": {
        "@living-architecture/riviere-cli": "^0.3.2"
      }
    },
    "node_modules/@living-architecture/riviere-builder": {
      "version": "0.2.6",
      "resolved": "https://registry.npmjs.org/@living-architecture/riviere-builder/-/riviere-builder-0.2.6.tgz",
      "integrity": "sha512-daDCRHD6waI9tluVnXVDD/j+6BrRml+CFRn0PU14L+N4t+zQBpuxCkLuc+o93vfy77eF0HrnAh/H4kXofR19cA==",
      "dev": true,
      "dependencies": {
        "@living-architecture/riviere-query": "0.2.6",
        "@living-architecture/riviere-schema": "0.2.4",
        "tslib": "^2.3.0"
      }
    },
    "node_modules/@living-architecture/riviere-cli": {
      "version": "0.3.2",
      "resolved": "https://registry.npmjs.org/@living-architecture/riviere-cli/-/riviere-cli-0.3.2.tgz",
      "integrity": "sha512-uyaIiBkJPnFrMNYsGAFwiF67IbEkMTQheaKhjGlOYEyV+Tb5nuv1lk27jpyrJENn4BrD6d8DPfUZHza2MxiTyA==",
      "dev": true,
      "dependencies": {
        "@living-architecture/riviere-builder": "0.2.6",
        "@living-architecture/riviere-query": "0.2.6",
        "@living-architecture/riviere-schema": "0.2.4",
        "commander": "^14.0.2",
        "tslib": "^2.3.0"
      },
      "bin": {
        "riviere": "dist/bin.js"
      }
    },
    "node_modules/@living-architecture/riviere-query": {
      "version": "0.2.6",
      "resolved": "https://registry.npmjs.org/@living-architecture/riviere-query/-/riviere-query-0.2.6.tgz",
      "integrity": "sha512-GM3NxrIzosID45uAOusWWz+mSTZo8S8LHKNVKQYRpQ/LbriMvvIjcNkOdee/j1DJ/Pjh97cg56Bzhq2OYjEOUA==",
      "dev": true,
      "dependencies": {
        "@living-architecture/riviere-schema": "0.2.4",
        "tslib": "^2.3.0",
        "zod": "^4.2.1"
      }
    },
    "node_modules/@living-architecture/riviere-schema": {
      "version": "0.2.4",
      "resolved": "https://registry.npmjs.org/@living-architecture/riviere-schema/-/riviere-schema-0.2.4.tgz",
      "integrity": "sha512-MfQZvfGLkgUkbTPuPJWAwNMfASkRKAfj4z/R8Oe09TSe2pD3IpwvLqhCGyYdYXct99bHPNhBTA8XYRtywK14HQ==",
      "dev": true,
      "dependencies": {
        "ajv": "^8.17.1",
        "ajv-formats": "^3.0.1",
        "tslib": "^2.3.0"
      }
    },
    "node_modules/ajv": {
      "version": "8.17.1",
      "resolved": "https://registry.npmjs.org/ajv/-/ajv-8.17.1.tgz",
      "integrity": "sha512-B/gBuNg5SiMTrPkC+A2+cW0RszwxYmn6VYxB/inlBStS5nx6xHIt/ehKRhIMhqusl7a8LjQoZnjCs5vhwxOQ1g==",
      "dev": true,
      "license": "MIT",
      "dependencies": {
        "fast-deep-equal": "^3.1.3",
        "fast-uri": "^3.0.1",
        "json-schema-traverse": "^1.0.0",
        "require-from-string": "^2.0.2"
      },
      "funding": {
        "type": "github",
        "url": "https://github.com/sponsors/epoberezkin"
      }
    },
    "node_modules/ajv-formats": {
      "version": "3.0.1",
      "resolved": "https://registry.npmjs.org/ajv-formats/-/ajv-formats-3.0.1.tgz",
      "integrity": "sha512-8iUql50EUR+uUcdRQ3HDqa6EVyo3docL8g5WJ3FNcWmu62IbkGUue/pEyLBW8VGKKucTPgqeks4fIU1DA4yowQ==",
      "dev": true,
      "license": "MIT",
      "dependencies": {
        "ajv": "^8.0.0"
      },
      "peerDependencies": {
        "ajv": "^8.0.0"
      },
      "peerDependenciesMeta": {
        "ajv": {
          "optional": true
        }
      }
    },
    "node_modules/commander": {
      "version": "14.0.2",
      "resolved": "https://registry.npmjs.org/commander/-/commander-14.0.2.tgz",
      "integrity": "sha512-TywoWNNRbhoD0BXs1P3ZEScW8W5iKrnbithIl0YH+uCmBd0QpPOA8yc82DS3BIE5Ma6FnBVUsJ7wVUDz4dvOWQ==",
      "dev": true,
      "license": "MIT",
      "engines": {
        "node": ">=20"
      }
    },
    "node_modules/fast-deep-equal": {
      "version": "3.1.3",
      "resolved": "https://registry.npmjs.org/fast-deep-equal/-/fast-deep-equal-3.1.3.tgz",
      "integrity": "sha512-f3qQ9oQy9j2AhBe/H9VC91wLmKBCCU/gDOnKNAYG5hswO7BLKj09Hc5HYNz9cGI++xlpDCIgDaitVs03ATR84Q==",
      "dev": true,
      "license": "MIT"
    },
    "node_modules/fast-uri": {
      "version": "3.1.0",
      "resolved": "https://registry.npmjs.org/fast-uri/-/fast-uri-3.1.0.tgz",
      "integrity": "sha512-iPeeDKJSWf4IEOasVVrknXpaBV0IApz/gp7S2bb7Z4Lljbl2MGJRqInZiUrQwV16cpzw/D3S5j5Julj/gT52AA==",
      "dev": true,
      "funding": [
        {
          "type": "github",
          "url": "https://github.com/sponsors/fastify"
        },
        {
          "type": "opencollective",
          "url": "https://opencollective.com/fastify"
        }
      ],
      "license": "BSD-3-Clause"
    },
    "node_modules/json-schema-traverse": {
      "version": "1.0.0",
      "resolved": "https://registry.npmjs.org/json-schema-traverse/-/json-schema-traverse-1.0.0.tgz",
      "integrity": "sha512-NM8/P9n3XjXhIZn1lLhkFaACTOURQXjWhV4BA/RnOv8xvgqtqpAX9IO4mRQxSx1Rlo4tqzeqb0sOlruaOy3dug==",
      "dev": true,
      "license": "MIT"
    },
    "node_modules/require-from-string": {
      "version": "2.0.2",
      "resolved": "https://registry.npmjs.org/require-from-string/-/require-from-string-2.0.2.tgz",
      "integrity": "sha512-Xf0nWe6RseziFMu+Ap9biiUbmplq6S9/p+7w7YXP/JBHhrUDDUhwa+vANyubuqfZWTveU//DYVGsDG7RKL/vEw==",
      "dev": true,
      "license": "MIT",
      "engines": {
        "node": ">=0.10.0"
      }
    },
    "node_modules/tslib": {
      "version": "2.8.1",
      "resolved": "https://registry.npmjs.org/tslib/-/tslib-2.8.1.tgz",
      "integrity": "sha512-oJFu94HQb+KVduSUQL7wnpmqnfmLsOA/nAh6b6EH0wCEoK0/mPeXU6c3wKDV83MkOuHPRHtSXKKU99IBazS/2w==",
      "dev": true,
      "license": "0BSD"
    },
    "node_modules/zod": {
      "version": "4.3.2",
      "resolved": "https://registry.npmjs.org/zod/-/zod-4.3.2.tgz",
      "integrity": "sha512-b8L8yn4rIVfiXyHAmnr52/ZEpDumlT0bmxiq3Ws1ybrinhflGpt12Hvv54kYnEsGPRs6o/Ka3/ppA2OWY21IVg==",
      "dev": true,
      "license": "MIT",
      "funding": {
        "url": "https://github.com/sponsors/colinhacks"
      }
    }
  }
}
