{
  "name": "ecommerce-demo-app",
  "lockfileVersion": 3,
  "requires": true,
  "packages": {
    "": {
      "dependencies": {
        "@living-architecture/riviere-extract-conventions": "^0.3.16"
      },
      "devDependencies": {
        "@living-architecture/riviere-cli": "^0.3.5"
      }
    },
    "node_modules/@living-architecture/riviere-builder": {
      "version": "0.2.11",
      "resolved": "https://registry.npmjs.org/@living-architecture/riviere-builder/-/riviere-builder-0.2.11.tgz",
      "integrity": "sha512-JgCOmaBSzT+I9ttfhDsQHa3G9RKQX3RdMgvom4vYRCFIQxv+DCY/UslGFuMdu8LZOWiltaF2d4VcW745KhjqeQ==",
      "dev": true,
      "dependencies": {
        "@living-architecture/riviere-query": "0.2.10",
        "@living-architecture/riviere-schema": "0.2.6",
        "tslib": "^2.3.0"
      }
    },
    "node_modules/@living-architecture/riviere-cli": {
      "version": "0.3.8",
      "resolved": "https://registry.npmjs.org/@living-architecture/riviere-cli/-/riviere-cli-0.3.8.tgz",
      "integrity": "sha512-kZhObnXFXzpycxpK/NMq2endiOkDknPCrMJVnDSpzLPpJgtUQ0mO6oei5nJ6EkGaBCT5T1fK5xCnEB1oJt8yRQ==",
      "dev": true,
      "dependencies": {
        "@living-architecture/riviere-builder": "0.2.11",
        "@living-architecture/riviere-query": "0.2.10",
        "@living-architecture/riviere-schema": "0.2.6",
        "commander": "^14.0.2",
        "tslib": "^2.3.0"
      },
      "bin": {
        "riviere": "dist/bin.js"
      }
    },
    "node_modules/@living-architecture/riviere-extract-config": {
      "version": "0.1.20",
      "resolved": "https://registry.npmjs.org/@living-architecture/riviere-extract-config/-/riviere-extract-config-0.1.20.tgz",
      "integrity": "sha512-yR+7DTBKT89GOIARkv37BGvXlZcvofx7FszdhNrvjoHJXlE7q45rrJOfaUrbBZMlYR3e2wiBKh6UugMZSQCA3Q==",
      "dependencies": {
        "ajv": "^8.17.1",
        "ajv-formats": "^3.0.1"
      }
    },
    "node_modules/@living-architecture/riviere-extract-conventions": {
      "version": "0.3.16",
      "resolved": "https://registry.npmjs.org/@living-architecture/riviere-extract-conventions/-/riviere-extract-conventions-0.3.16.tgz",
      "integrity": "sha512-WXnezrt/yBpo2M/IeuyGaANP7CKqPZ5r60gsl0CrAAP2nsXPRGY3ZLb/blUN16QG3jk1hqktEvyEPUEc0L6saA==",
      "dependencies": {
        "@living-architecture/riviere-extract-config": "0.1.20"
      }
    },
    "node_modules/@living-architecture/riviere-query": {
      "version": "0.2.10",
      "resolved": "https://registry.npmjs.org/@living-architecture/riviere-query/-/riviere-query-0.2.10.tgz",
      "integrity": "sha512-G0DwKmuwV/twu4epZgfJkNXFAuWtE2lya13j2HxAOqlkwrW6K6p7L6wfTVN2k8PhAGtpShIXlLoFmU8G6YNqeQ==",
      "dev": true,
      "dependencies": {
        "@living-architecture/riviere-schema": "0.2.6",
        "tslib": "^2.3.0",
        "zod": "^4.2.1"
      }
    },
    "node_modules/@living-architecture/riviere-schema": {
      "version": "0.2.6",
      "resolved": "https://registry.npmjs.org/@living-architecture/riviere-schema/-/riviere-schema-0.2.6.tgz",
      "integrity": "sha512-QWtaRwxjV9qm4kW5IKrD5/53r2mnBPqP9jhDVhRjgL+eFpYZBopNEIEu4nvSVYXv7SAUCZDQcpr9XcJH2NdEug==",
      "dev": true,
      "dependencies": {
        "ajv": "^8.17.1",
        "ajv-formats": "^3.0.1",
        "tslib": "^2.3.0"
      }
    },
    "node_modules/ajv": {
      "version": "8.17.1",
      "resolved": "https://registry.npmjs.org/ajv/-/ajv-8.17.1.tgz",
      "integrity": "sha512-B/gBuNg5SiMTrPkC+A2+cW0RszwxYmn6VYxB/inlBStS5nx6xHIt/ehKRhIMhqusl7a8LjQoZnjCs5vhwxOQ1g==",
      "license": "MIT",
      "dependencies": {
        "fast-deep-equal": "^3.1.3",
        "fast-uri": "^3.0.1",
        "json-schema-traverse": "^1.0.0",
        "require-from-string": "^2.0.2"
      },
      "funding": {
        "type": "github",
        "url": "https://github.com/sponsors/epoberezkin"
      }
    },
    "node_modules/ajv-formats": {
      "version": "3.0.1",
      "resolved": "https://registry.npmjs.org/ajv-formats/-/ajv-formats-3.0.1.tgz",
      "integrity": "sha512-8iUql50EUR+uUcdRQ3HDqa6EVyo3docL8g5WJ3FNcWmu62IbkGUue/pEyLBW8VGKKucTPgqeks4fIU1DA4yowQ==",
      "license": "MIT",
      "dependencies": {
        "ajv": "^8.0.0"
      },
      "peerDependencies": {
        "ajv": "^8.0.0"
      },
      "peerDependenciesMeta": {
        "ajv": {
          "optional": true
        }
      }
    },
    "node_modules/commander": {
      "version": "14.0.2",
      "resolved": "https://registry.npmjs.org/commander/-/commander-14.0.2.tgz",
      "integrity": "sha512-TywoWNNRbhoD0BXs1P3ZEScW8W5iKrnbithIl0YH+uCmBd0QpPOA8yc82DS3BIE5Ma6FnBVUsJ7wVUDz4dvOWQ==",
      "dev": true,
      "license": "MIT",
      "engines": {
        "node": ">=20"
      }
    },
    "node_modules/fast-deep-equal": {
      "version": "3.1.3",
      "resolved": "https://registry.npmjs.org/fast-deep-equal/-/fast-deep-equal-3.1.3.tgz",
      "integrity": "sha512-f3qQ9oQy9j2AhBe/H9VC91wLmKBCCU/gDOnKNAYG5hswO7BLKj09Hc5HYNz9cGI++xlpDCIgDaitVs03ATR84Q==",
      "license": "MIT"
    },
    "node_modules/fast-uri": {
      "version": "3.1.0",
      "resolved": "https://registry.npmjs.org/fast-uri/-/fast-uri-3.1.0.tgz",
      "integrity": "sha512-iPeeDKJSWf4IEOasVVrknXpaBV0IApz/gp7S2bb7Z4Lljbl2MGJRqInZiUrQwV16cpzw/D3S5j5Julj/gT52AA==",
      "funding": [
        {
          "type": "github",
          "url": "https://github.com/sponsors/fastify"
        },
        {
          "type": "opencollective",
          "url": "https://opencollective.com/fastify"
        }
      ],
      "license": "BSD-3-Clause"
    },
    "node_modules/json-schema-traverse": {
      "version": "1.0.0",
      "resolved": "https://registry.npmjs.org/json-schema-traverse/-/json-schema-traverse-1.0.0.tgz",
      "integrity": "sha512-NM8/P9n3XjXhIZn1lLhkFaACTOURQXjWhV4BA/RnOv8xvgqtqpAX9IO4mRQxSx1Rlo4tqzeqb0sOlruaOy3dug==",
      "license": "MIT"
    },
    "node_modules/require-from-string": {
      "version": "2.0.2",
      "resolved": "https://registry.npmjs.org/require-from-string/-/require-from-string-2.0.2.tgz",
      "integrity": "sha512-Xf0nWe6RseziFMu+Ap9biiUbmplq6S9/p+7w7YXP/JBHhrUDDUhwa+vANyubuqfZWTveU//DYVGsDG7RKL/vEw==",
      "license": "MIT",
      "engines": {
        "node": ">=0.10.0"
      }
    },
    "node_modules/tslib": {
      "version": "2.8.1",
      "resolved": "https://registry.npmjs.org/tslib/-/tslib-2.8.1.tgz",
      "integrity": "sha512-oJFu94HQb+KVduSUQL7wnpmqnfmLsOA/nAh6b6EH0wCEoK0/mPeXU6c3wKDV83MkOuHPRHtSXKKU99IBazS/2w==",
      "dev": true,
      "license": "0BSD"
    },
    "node_modules/zod": {
      "version": "4.3.5",
      "resolved": "https://registry.npmjs.org/zod/-/zod-4.3.5.tgz",
      "integrity": "sha512-k7Nwx6vuWx1IJ9Bjuf4Zt1PEllcwe7cls3VNzm4CQ1/hgtFUK2bRNG3rvnpPUhFjmqJKAKtjV576KnUkHocg/g==",
      "dev": true,
      "license": "MIT",
      "funding": {
        "url": "https://github.com/sponsors/colinhacks"
      }
    }
  }
}
